
Microsoft Visual Studio Solution File, Format Version 12.00
# Visual Studio Version 16
VisualStudioVersion = 16.0.32126.315
MinimumVisualStudioVersion = 10.0.40219.1
Project("{FAE04EC0-301F-11D3-BF4B-00C04F79EFBC}") = "Client", "Client\Client.csproj", "{5BF196C8-9EE3-4E2E-8491-C385BF18CDF4}"
EndProject
Project("{FAE04EC0-301F-11D3-BF4B-00C04F79EFBC}") = "Server", "Server\Server.csproj", "{91C322F2-7BB5-46E0-82FA-2D4C5B58919F}"
EndProject
Global
	GlobalSection(SolutionConfigurationPlatforms) = preSolution
		Debug|Any CPU = Debug|Any CPU
		Release|Any CPU = Release|Any CPU
	EndGlobalSection
	GlobalSection(ProjectConfigurationPlatforms) = postSolution
		{5BF196C8-9EE3-4E2E-8491-C385BF18CDF4}.Debug|Any CPU.ActiveCfg = Debug|Any CPU
		{5BF196C8-9EE3-4E2E-8491-C385BF18CDF4}.Debug|Any CPU.Build.0 = Debug|Any CPU
		{5BF196C8-9EE3-4E2E-8491-C385BF18CDF4}.Release|Any CPU.ActiveCfg = Release|Any CPU
		{5BF196C8-9EE3-4E2E-8491-C385BF18CDF4}.Release|Any CPU.Build.0 = Release|Any CPU
		{91C322F2-7BB5-46E0-82FA-2D4C5B58919F}.Debug|Any CPU.ActiveCfg = Debug|Any CPU
		{91C322F2-7BB5-46E0-82FA-2D4C5B58919F}.Debug|Any CPU.Build.0 = Debug|Any CPU
		{91C322F2-7BB5-46E0-82FA-2D4C5B58919F}.Release|Any CPU.ActiveCfg = Release|Any CPU
		{91C322F2-7BB5-46E0-82FA-2D4C5B58919F}.Release|Any CPU.Build.0 = Release|Any CPU
	EndGlobalSection
	GlobalSection(SolutionProperties) = preSolution
		HideSolutionNode = FALSE
	EndGlobalSection
	GlobalSection(ExtensibilityGlobals) = postSolution
		SolutionGuid = {33784BA3-1237-4B2E-A607-4C94207E79F2}
	EndGlobalSection
EndGlobal
